
Microsoft Visual Studio Solution File, Format Version 12.00
# Visual Studio Version 17
VisualStudioVersion = 17.0.31903.59
MinimumVisualStudioVersion = 10.0.40219.1
Project("{FAE04EC0-301F-11D3-BF4B-00C04F79EFBC}") = "WPFPluginToolbox.Core", "WPFPluginToolbox.Core\WPFPluginToolbox.Core.csproj", "{AEADB1DD-8E43-45F9-BE31-AB10E91F984B}"
EndProject
Project("{FAE04EC0-301F-11D3-BF4B-00C04F79EFBC}") = "WPFPluginToolbox.PluginSystem", "WPFPluginToolbox.PluginSystem\WPFPluginToolbox.PluginSystem.csproj", "{1F7DCB4A-C136-46D1-A018-AEF97024F756}"
EndProject
Project("{FAE04EC0-301F-11D3-BF4B-00C04F79EFBC}") = "WPFPluginToolbox.Services", "WPFPluginToolbox.Services\WPFPluginToolbox.Services.csproj", "{1A72EEE2-5500-4EB2-AD8B-4EBF9850DACD}"
EndProject
Project("{FAE04EC0-301F-11D3-BF4B-00C04F79EFBC}") = "WPFPluginToolbox.UI", "WPFPluginToolbox.UI\WPFPluginToolbox.UI.csproj", "{38732940-6A64-46A9-B054-3F456D676DC2}"
EndProject
Project("{FAE04EC0-301F-11D3-BF4B-00C04F79EFBC}") = "WPFPluginToolbox.App", "WPFPluginToolbox.App\WPFPluginToolbox.App.csproj", "{2C9C153A-96B6-43ED-805F-AB475BA69813}"
EndProject
Global
	GlobalSection(SolutionConfigurationPlatforms) = preSolution
		Debug|Any CPU = Debug|Any CPU
		Debug|x64 = Debug|x64
		Debug|x86 = Debug|x86
		Release|Any CPU = Release|Any CPU
		Release|x64 = Release|x64
		Release|x86 = Release|x86
	EndGlobalSection
	GlobalSection(ProjectConfigurationPlatforms) = postSolution
		{AEADB1DD-8E43-45F9-BE31-AB10E91F984B}.Debug|Any CPU.ActiveCfg = Debug|Any CPU
		{AEADB1DD-8E43-45F9-BE31-AB10E91F984B}.Debug|Any CPU.Build.0 = Debug|Any CPU
		{AEADB1DD-8E43-45F9-BE31-AB10E91F984B}.Debug|x64.ActiveCfg = Debug|Any CPU
		{AEADB1DD-8E43-45F9-BE31-AB10E91F984B}.Debug|x64.Build.0 = Debug|Any CPU
		{AEADB1DD-8E43-45F9-BE31-AB10E91F984B}.Debug|x86.ActiveCfg = Debug|Any CPU
		{AEADB1DD-8E43-45F9-BE31-AB10E91F984B}.Debug|x86.Build.0 = Debug|Any CPU
		{AEADB1DD-8E43-45F9-BE31-AB10E91F984B}.Release|Any CPU.ActiveCfg = Release|Any CPU
		{AEADB1DD-8E43-45F9-BE31-AB10E91F984B}.Release|Any CPU.Build.0 = Release|Any CPU
		{AEADB1DD-8E43-45F9-BE31-AB10E91F984B}.Release|x64.ActiveCfg = Release|Any CPU
		{AEADB1DD-8E43-45F9-BE31-AB10E91F984B}.Release|x64.Build.0 = Release|Any CPU
		{AEADB1DD-8E43-45F9-BE31-AB10E91F984B}.Release|x86.ActiveCfg = Release|Any CPU
		{AEADB1DD-8E43-45F9-BE31-AB10E91F984B}.Release|x86.Build.0 = Release|Any CPU
		{1F7DCB4A-C136-46D1-A018-AEF97024F756}.Debug|Any CPU.ActiveCfg = Debug|Any CPU
		{1F7DCB4A-C136-46D1-A018-AEF97024F756}.Debug|Any CPU.Build.0 = Debug|Any CPU
		{1F7DCB4A-C136-46D1-A018-AEF97024F756}.Debug|x64.ActiveCfg = Debug|Any CPU
		{1F7DCB4A-C136-46D1-A018-AEF97024F756}.Debug|x64.Build.0 = Debug|Any CPU
		{1F7DCB4A-C136-46D1-A018-AEF97024F756}.Debug|x86.ActiveCfg = Debug|Any CPU
		{1F7DCB4A-C136-46D1-A018-AEF97024F756}.Debug|x86.Build.0 = Debug|Any CPU
		{1F7DCB4A-C136-46D1-A018-AEF97024F756}.Release|Any CPU.ActiveCfg = Release|Any CPU
		{1F7DCB4A-C136-46D1-A018-AEF97024F756}.Release|Any CPU.Build.0 = Release|Any CPU
		{1F7DCB4A-C136-46D1-A018-AEF97024F756}.Release|x64.ActiveCfg = Release|Any CPU
		{1F7DCB4A-C136-46D1-A018-AEF97024F756}.Release|x64.Build.0 = Release|Any CPU
		{1F7DCB4A-C136-46D1-A018-AEF97024F756}.Release|x86.ActiveCfg = Release|Any CPU
		{1F7DCB4A-C136-46D1-A018-AEF97024F756}.Release|x86.Build.0 = Release|Any CPU
		{1A72EEE2-5500-4EB2-AD8B-4EBF9850DACD}.Debug|Any CPU.ActiveCfg = Debug|Any CPU
		{1A72EEE2-5500-4EB2-AD8B-4EBF9850DACD}.Debug|Any CPU.Build.0 = Debug|Any CPU
		{1A72EEE2-5500-4EB2-AD8B-4EBF9850DACD}.Debug|x64.ActiveCfg = Debug|Any CPU
		{1A72EEE2-5500-4EB2-AD8B-4EBF9850DACD}.Debug|x64.Build.0 = Debug|Any CPU
		{1A72EEE2-5500-4EB2-AD8B-4EBF9850DACD}.Debug|x86.ActiveCfg = Debug|Any CPU
		{1A72EEE2-5500-4EB2-AD8B-4EBF9850DACD}.Debug|x86.Build.0 = Debug|Any CPU
		{1A72EEE2-5500-4EB2-AD8B-4EBF9850DACD}.Release|Any CPU.ActiveCfg = Release|Any CPU
		{1A72EEE2-5500-4EB2-AD8B-4EBF9850DACD}.Release|Any CPU.Build.0 = Release|Any CPU
		{1A72EEE2-5500-4EB2-AD8B-4EBF9850DACD}.Release|x64.ActiveCfg = Release|Any CPU
		{1A72EEE2-5500-4EB2-AD8B-4EBF9850DACD}.Release|x64.Build.0 = Release|Any CPU
		{1A72EEE2-5500-4EB2-AD8B-4EBF9850DACD}.Release|x86.ActiveCfg = Release|Any CPU
		{1A72EEE2-5500-4EB2-AD8B-4EBF9850DACD}.Release|x86.Build.0 = Release|Any CPU
		{38732940-6A64-46A9-B054-3F456D676DC2}.Debug|Any CPU.ActiveCfg = Debug|Any CPU
		{38732940-6A64-46A9-B054-3F456D676DC2}.Debug|Any CPU.Build.0 = Debug|Any CPU
		{38732940-6A64-46A9-B054-3F456D676DC2}.Debug|x64.ActiveCfg = Debug|Any CPU
		{38732940-6A64-46A9-B054-3F456D676DC2}.Debug|x64.Build.0 = Debug|Any CPU
		{38732940-6A64-46A9-B054-3F456D676DC2}.Debug|x86.ActiveCfg = Debug|Any CPU
		{38732940-6A64-46A9-B054-3F456D676DC2}.Debug|x86.Build.0 = Debug|Any CPU
		{38732940-6A64-46A9-B054-3F456D676DC2}.Release|Any CPU.ActiveCfg = Release|Any CPU
		{38732940-6A64-46A9-B054-3F456D676DC2}.Release|Any CPU.Build.0 = Release|Any CPU
		{38732940-6A64-46A9-B054-3F456D676DC2}.Release|x64.ActiveCfg = Release|Any CPU
		{38732940-6A64-46A9-B054-3F456D676DC2}.Release|x64.Build.0 = Release|Any CPU
		{38732940-6A64-46A9-B054-3F456D676DC2}.Release|x86.ActiveCfg = Release|Any CPU
		{38732940-6A64-46A9-B054-3F456D676DC2}.Release|x86.Build.0 = Release|Any CPU
		{2C9C153A-96B6-43ED-805F-AB475BA69813}.Debug|Any CPU.ActiveCfg = Debug|Any CPU
		{2C9C153A-96B6-43ED-805F-AB475BA69813}.Debug|Any CPU.Build.0 = Debug|Any CPU
		{2C9C153A-96B6-43ED-805F-AB475BA69813}.Debug|x64.ActiveCfg = Debug|Any CPU
		{2C9C153A-96B6-43ED-805F-AB475BA69813}.Debug|x64.Build.0 = Debug|Any CPU
		{2C9C153A-96B6-43ED-805F-AB475BA69813}.Debug|x86.ActiveCfg = Debug|Any CPU
		{2C9C153A-96B6-43ED-805F-AB475BA69813}.Debug|x86.Build.0 = Debug|Any CPU
		{2C9C153A-96B6-43ED-805F-AB475BA69813}.Release|Any CPU.ActiveCfg = Release|Any CPU
		{2C9C153A-96B6-43ED-805F-AB475BA69813}.Release|Any CPU.Build.0 = Release|Any CPU
		{2C9C153A-96B6-43ED-805F-AB475BA69813}.Release|x64.ActiveCfg = Release|Any CPU
		{2C9C153A-96B6-43ED-805F-AB475BA69813}.Release|x64.Build.0 = Release|Any CPU
		{2C9C153A-96B6-43ED-805F-AB475BA69813}.Release|x86.ActiveCfg = Release|Any CPU
		{2C9C153A-96B6-43ED-805F-AB475BA69813}.Release|x86.Build.0 = Release|Any CPU
	EndGlobalSection
	GlobalSection(SolutionProperties) = preSolution
		HideSolutionNode = FALSE
	EndGlobalSection
EndGlobal
